
Microsoft Visual Studio Solution File, Format Version 12.00
# Visual Studio Version 17
VisualStudioVersion = 17.10.35027.167
MinimumVisualStudioVersion = 10.0.40219.1
Project("{8BC9CEB8-8B4A-11D0-8D11-00A0C91BC942}") = "TicTacToe-Multi", "TicTacToe-Multi.vcxproj", "{4E5BC266-B9E8-4AD4-9029-EE2ACF5BD505}"
EndProject
Global
	GlobalSection(SolutionConfigurationPlatforms) = preSolution
		Debug|x64 = Debug|x64
		Release|x64 = Release|x64
	EndGlobalSection
	GlobalSection(ProjectConfigurationPlatforms) = postSolution
		{4E5BC266-B9E8-4AD4-9029-EE2ACF5BD505}.Debug|x64.ActiveCfg = Debug|x64
		{4E5BC266-B9E8-4AD4-9029-EE2ACF5BD505}.Debug|x64.Build.0 = Debug|x64
		{4E5BC266-B9E8-4AD4-9029-EE2ACF5BD505}.Release|x64.ActiveCfg = Release|x64
		{4E5BC266-B9E8-4AD4-9029-EE2ACF5BD505}.Release|x64.Build.0 = Release|x64
	EndGlobalSection
	GlobalSection(SolutionProperties) = preSolution
		HideSolutionNode = FALSE
	EndGlobalSection
	GlobalSection(ExtensibilityGlobals) = postSolution
		SolutionGuid = {D28C1DA0-1970-425D-AF27-5F049AC7E98A}
	EndGlobalSection
EndGlobal
