<?xml version="1.0" encoding="utf-8"?>
<Project ToolsVersion="4.0" xmlns="http://schemas.microsoft.com/developer/msbuild/2003">
  <ItemGroup>
    <Filter Include="Source Files">
      <UniqueIdentifier>{4FC737F1-C7A5-4376-A066-2A32D752A2FF}</UniqueIdentifier>
      <Extensions>cpp;c;cc;cxx;c++;cppm;ixx;def;odl;idl;hpj;bat;asm;asmx</Extensions>
    </Filter>
    <Filter Include="Header Files">
      <UniqueIdentifier>{93995380-89BD-4b04-88EB-625FBE52EBFB}</UniqueIdentifier>
      <Extensions>h;hh;hpp;hxx;h++;hm;inl;inc;ipp;xsd</Extensions>
    </Filter>
    <Filter Include="Resource Files">
      <UniqueIdentifier>{67DA6AB6-F800-4c08-8B7A-83BB121AAD01}</UniqueIdentifier>
      <Extensions>rc;ico;cur;bmp;dlg;rc2;rct;bin;rgs;gif;jpg;jpeg;jpe;resx;tiff;tif;png;wav;mfcribbon-ms</Extensions>
    </Filter>
  </ItemGroup>
  <ItemGroup>
    <ClCompile Include="Sources\main.cpp">
      <Filter>Source Files</Filter>
    </ClCompile>
    <ClCompile Include="Sources\pch.cpp">
      <Filter>Source Files</Filter>
    </ClCompile>
    <ClCompile Include="Sources\Game\States\BaseState.cpp">
      <Filter>Source Files</Filter>
    </ClCompile>
    <ClCompile Include="Sources\Game\States\ConnectingState.cpp">
      <Filter>Source Files</Filter>
    </ClCompile>
    <ClCompile Include="Sources\Game\States\EnterPayload.cpp">
      <Filter>Source Files</Filter>
    </ClCompile>
    <ClCompile Include="Sources\Game\States\ErrorState.cpp">
      <Filter>Source Files</Filter>
    </ClCompile>
    <ClCompile Include="Sources\Game\States\PlayingState.cpp">
      <Filter>Source Files</Filter>
    </ClCompile>
    <ClCompile Include="Sources\Game\States\GameResultState.cpp">
      <Filter>Source Files</Filter>
    </ClCompile>
    <ClCompile Include="Sources\Game\States\MenuState.cpp">
      <Filter>Source Files</Filter>
    </ClCompile>
    <ClCompile Include="Sources\Game\States\WaitingOpponentState.cpp">
      <Filter>Source Files</Filter>
    </ClCompile>
    <ClCompile Include="Sources\Game\Game.cpp">
      <Filter>Source Files</Filter>
    </ClCompile>
    <ClCompile Include="Sources\NetworkManager\NetworkDiscovery.cpp">
      <Filter>Source Files</Filter>
    </ClCompile>
    <ClCompile Include="Sources\NetworkManager\NetworkGame.cpp">
      <Filter>Source Files</Filter>
    </ClCompile>
    <ClCompile Include="Sources\Game\Player.cpp">
      <Filter>Source Files</Filter>
    </ClCompile>
  </ItemGroup>
  <ItemGroup>
    <ClInclude Include="Sources\pch.h">
      <Filter>Header Files</Filter>
    </ClInclude>
    <ClInclude Include="Sources\Constants.h">
      <Filter>Header Files</Filter>
    </ClInclude>
    <ClInclude Include="Sources\Event.h">
      <Filter>Header Files</Filter>
    </ClInclude>
    <ClInclude Include="Sources\Game\GameEvent.h">
      <Filter>Header Files</Filter>
    </ClInclude>
    <ClInclude Include="Sources\Game\Player.h">
      <Filter>Header Files</Filter>
    </ClInclude>
    <ClInclude Include="Sources\Game\States\BaseState.h">
      <Filter>Header Files</Filter>
    </ClInclude>
    <ClInclude Include="Sources\Game\States\ConnectingState.h">
      <Filter>Header Files</Filter>
    </ClInclude>
    <ClInclude Include="Sources\Game\States\EnterPayload.h">
      <Filter>Header Files</Filter>
    </ClInclude>
    <ClInclude Include="Sources\Game\States\ErrorState.h">
      <Filter>Header Files</Filter>
    </ClInclude>
    <ClInclude Include="Sources\Game\States\PlayingState.h">
      <Filter>Header Files</Filter>
    </ClInclude>
    <ClInclude Include="Sources\Game\States\GameResultState.h">
      <Filter>Header Files</Filter>
    </ClInclude>
    <ClInclude Include="Sources\Game\States\MenuState.h">
      <Filter>Header Files</Filter>
    </ClInclude>
    <ClInclude Include="Sources\Game\States\WaitingOpponentState.h">
      <Filter>Header Files</Filter>
    </ClInclude>
    <ClInclude Include="Sources\Game\Game.h">
      <Filter>Header Files</Filter>
    </ClInclude>
    <ClInclude Include="Sources\NetworkManager\NetworkDiscovery.h">
      <Filter>Header Files</Filter>
    </ClInclude>
    <ClInclude Include="Sources\NetworkManager\NetworkGame.h">
      <Filter>Header Files</Filter>
    </ClInclude>
    <ClInclude Include="Sources\NetworkManager\GameInfo.h">
      <Filter>Header Files</Filter>
    </ClInclude>
    <ClInclude Include="Sources\NetworkManager\NetworkConstants.h">
      <Filter>Header Files</Filter>
    </ClInclude>
  </ItemGroup>
</Project>